
Microsoft Visual Studio Solution File, Format Version 12.00
# Visual Studio Version 17
VisualStudioVersion = 17.14.36202.13
MinimumVisualStudioVersion = 10.0.40219.1
Project("{FAE04EC0-301F-11D3-BF4B-00C04F79EFBC}") = "Oracle-EF-Practice", "Oracle-EF-Practice\Oracle-EF-Practice.csproj", "{E30537F6-E2A1-45CF-A4BE-1255566AF8BB}"
EndProject
Project("{FAE04EC0-301F-11D3-BF4B-00C04F79EFBC}") = "Oracle-EF-Practice.Services", "Oracle-EF-Practice.Services\Oracle-EF-Practice.Services.csproj", "{793BD891-83E3-45E3-B74F-A532097AB450}"
EndProject
Project("{FAE04EC0-301F-11D3-BF4B-00C04F79EFBC}") = "Oracle-EF-Practice.Models", "Oracle-EF-Practice.Models\Oracle-EF-Practice.Models.csproj", "{D4EEA72B-AC6E-4466-AB00-FF298D66DDB8}"
EndProject
Project("{FAE04EC0-301F-11D3-BF4B-00C04F79EFBC}") = "Oracle-EF-Practice.Repositories", "Oracle-EF-Practice.Repositories\Oracle-EF-Practice.Repositories.csproj", "{00366313-BD93-497D-8D77-36746232CB6E}"
EndProject
Global
	GlobalSection(SolutionConfigurationPlatforms) = preSolution
		Debug|Any CPU = Debug|Any CPU
		Release|Any CPU = Release|Any CPU
	EndGlobalSection
	GlobalSection(ProjectConfigurationPlatforms) = postSolution
		{E30537F6-E2A1-45CF-A4BE-1255566AF8BB}.Debug|Any CPU.ActiveCfg = Debug|Any CPU
		{E30537F6-E2A1-45CF-A4BE-1255566AF8BB}.Debug|Any CPU.Build.0 = Debug|Any CPU
		{E30537F6-E2A1-45CF-A4BE-1255566AF8BB}.Release|Any CPU.ActiveCfg = Release|Any CPU
		{E30537F6-E2A1-45CF-A4BE-1255566AF8BB}.Release|Any CPU.Build.0 = Release|Any CPU
		{793BD891-83E3-45E3-B74F-A532097AB450}.Debug|Any CPU.ActiveCfg = Debug|Any CPU
		{793BD891-83E3-45E3-B74F-A532097AB450}.Debug|Any CPU.Build.0 = Debug|Any CPU
		{793BD891-83E3-45E3-B74F-A532097AB450}.Release|Any CPU.ActiveCfg = Release|Any CPU
		{793BD891-83E3-45E3-B74F-A532097AB450}.Release|Any CPU.Build.0 = Release|Any CPU
		{D4EEA72B-AC6E-4466-AB00-FF298D66DDB8}.Debug|Any CPU.ActiveCfg = Debug|Any CPU
		{D4EEA72B-AC6E-4466-AB00-FF298D66DDB8}.Debug|Any CPU.Build.0 = Debug|Any CPU
		{D4EEA72B-AC6E-4466-AB00-FF298D66DDB8}.Release|Any CPU.ActiveCfg = Release|Any CPU
		{D4EEA72B-AC6E-4466-AB00-FF298D66DDB8}.Release|Any CPU.Build.0 = Release|Any CPU
		{00366313-BD93-497D-8D77-36746232CB6E}.Debug|Any CPU.ActiveCfg = Debug|Any CPU
		{00366313-BD93-497D-8D77-36746232CB6E}.Debug|Any CPU.Build.0 = Debug|Any CPU
		{00366313-BD93-497D-8D77-36746232CB6E}.Release|Any CPU.ActiveCfg = Release|Any CPU
		{00366313-BD93-497D-8D77-36746232CB6E}.Release|Any CPU.Build.0 = Release|Any CPU
	EndGlobalSection
	GlobalSection(SolutionProperties) = preSolution
		HideSolutionNode = FALSE
	EndGlobalSection
	GlobalSection(ExtensibilityGlobals) = postSolution
		SolutionGuid = {169F1383-D1D9-4005-83FB-1BFBCC8F2F64}
	EndGlobalSection
EndGlobal
